
Microsoft Visual Studio Solution File, Format Version 12.00
Project("{FAE04EC0-301F-11D3-BF4B-00C04F79EFBC}") = "MauiApp", "MauiApp\MauiApp\MauiApp.csproj", "{96D4CE4E-286D-491B-B606-C564326731A6}"
EndProject
Project("{FAE04EC0-301F-11D3-BF4B-00C04F79EFBC}") = "MauiApp.Droid", "MauiApp\MauiApp.Droid\MauiApp.Droid.csproj", "{D93A2EC0-8117-4301-A591-5FAF5FCB2AA3}"
EndProject
Project("{FAE04EC0-301F-11D3-BF4B-00C04F79EFBC}") = "Core", "..\Core\Core.csproj", "{BF286C18-7779-4711-B5F9-29E69A750699}"
EndProject
Global
	GlobalSection(SolutionConfigurationPlatforms) = preSolution
		Debug|Any CPU = Debug|Any CPU
		Debug|ARM64 = Debug|ARM64
		Debug|x64 = Debug|x64
		Debug|x86 = Debug|x86
		Release|Any CPU = Release|Any CPU
		Release|ARM64 = Release|ARM64
		Release|x64 = Release|x64
		Release|x86 = Release|x86
	EndGlobalSection
	GlobalSection(ProjectConfigurationPlatforms) = postSolution
		{96D4CE4E-286D-491B-B606-C564326731A6}.Debug|Any CPU.ActiveCfg = Debug|Any CPU
		{96D4CE4E-286D-491B-B606-C564326731A6}.Debug|Any CPU.Build.0 = Debug|Any CPU
		{96D4CE4E-286D-491B-B606-C564326731A6}.Debug|ARM64.ActiveCfg = Debug|Any CPU
		{96D4CE4E-286D-491B-B606-C564326731A6}.Debug|ARM64.Build.0 = Debug|Any CPU
		{96D4CE4E-286D-491B-B606-C564326731A6}.Debug|x64.ActiveCfg = Debug|Any CPU
		{96D4CE4E-286D-491B-B606-C564326731A6}.Debug|x64.Build.0 = Debug|Any CPU
		{96D4CE4E-286D-491B-B606-C564326731A6}.Debug|x86.ActiveCfg = Debug|Any CPU
		{96D4CE4E-286D-491B-B606-C564326731A6}.Debug|x86.Build.0 = Debug|Any CPU
		{96D4CE4E-286D-491B-B606-C564326731A6}.Release|Any CPU.ActiveCfg = Release|Any CPU
		{96D4CE4E-286D-491B-B606-C564326731A6}.Release|Any CPU.Build.0 = Release|Any CPU
		{96D4CE4E-286D-491B-B606-C564326731A6}.Release|ARM64.ActiveCfg = Release|Any CPU
		{96D4CE4E-286D-491B-B606-C564326731A6}.Release|ARM64.Build.0 = Release|Any CPU
		{96D4CE4E-286D-491B-B606-C564326731A6}.Release|x64.ActiveCfg = Release|Any CPU
		{96D4CE4E-286D-491B-B606-C564326731A6}.Release|x64.Build.0 = Release|Any CPU
		{96D4CE4E-286D-491B-B606-C564326731A6}.Release|x86.ActiveCfg = Release|Any CPU
		{96D4CE4E-286D-491B-B606-C564326731A6}.Release|x86.Build.0 = Release|Any CPU
		{D93A2EC0-8117-4301-A591-5FAF5FCB2AA3}.Debug|Any CPU.ActiveCfg = Debug|Any CPU
		{D93A2EC0-8117-4301-A591-5FAF5FCB2AA3}.Debug|Any CPU.Build.0 = Debug|Any CPU
		{D93A2EC0-8117-4301-A591-5FAF5FCB2AA3}.Debug|Any CPU.Deploy.0 = Debug|Any CPU
		{D93A2EC0-8117-4301-A591-5FAF5FCB2AA3}.Debug|ARM64.ActiveCfg = Debug|Any CPU
		{D93A2EC0-8117-4301-A591-5FAF5FCB2AA3}.Debug|ARM64.Build.0 = Debug|Any CPU
		{D93A2EC0-8117-4301-A591-5FAF5FCB2AA3}.Debug|ARM64.Deploy.0 = Debug|Any CPU
		{D93A2EC0-8117-4301-A591-5FAF5FCB2AA3}.Debug|x64.ActiveCfg = Debug|Any CPU
		{D93A2EC0-8117-4301-A591-5FAF5FCB2AA3}.Debug|x64.Build.0 = Debug|Any CPU
		{D93A2EC0-8117-4301-A591-5FAF5FCB2AA3}.Debug|x64.Deploy.0 = Debug|Any CPU
		{D93A2EC0-8117-4301-A591-5FAF5FCB2AA3}.Debug|x86.ActiveCfg = Debug|Any CPU
		{D93A2EC0-8117-4301-A591-5FAF5FCB2AA3}.Debug|x86.Build.0 = Debug|Any CPU
		{D93A2EC0-8117-4301-A591-5FAF5FCB2AA3}.Debug|x86.Deploy.0 = Debug|Any CPU
		{D93A2EC0-8117-4301-A591-5FAF5FCB2AA3}.Release|Any CPU.ActiveCfg = Release|Any CPU
		{D93A2EC0-8117-4301-A591-5FAF5FCB2AA3}.Release|Any CPU.Build.0 = Release|Any CPU
		{D93A2EC0-8117-4301-A591-5FAF5FCB2AA3}.Release|Any CPU.Deploy.0 = Release|Any CPU
		{D93A2EC0-8117-4301-A591-5FAF5FCB2AA3}.Release|ARM64.ActiveCfg = Release|Any CPU
		{D93A2EC0-8117-4301-A591-5FAF5FCB2AA3}.Release|ARM64.Build.0 = Release|Any CPU
		{D93A2EC0-8117-4301-A591-5FAF5FCB2AA3}.Release|ARM64.Deploy.0 = Release|Any CPU
		{D93A2EC0-8117-4301-A591-5FAF5FCB2AA3}.Release|x64.ActiveCfg = Release|Any CPU
		{D93A2EC0-8117-4301-A591-5FAF5FCB2AA3}.Release|x64.Build.0 = Release|Any CPU
		{D93A2EC0-8117-4301-A591-5FAF5FCB2AA3}.Release|x64.Deploy.0 = Release|Any CPU
		{D93A2EC0-8117-4301-A591-5FAF5FCB2AA3}.Release|x86.ActiveCfg = Release|Any CPU
		{D93A2EC0-8117-4301-A591-5FAF5FCB2AA3}.Release|x86.Build.0 = Release|Any CPU
		{D93A2EC0-8117-4301-A591-5FAF5FCB2AA3}.Release|x86.Deploy.0 = Release|Any CPU
		{BF286C18-7779-4711-B5F9-29E69A750699}.Debug|Any CPU.ActiveCfg = Debug|Any CPU
		{BF286C18-7779-4711-B5F9-29E69A750699}.Debug|Any CPU.Build.0 = Debug|Any CPU
		{BF286C18-7779-4711-B5F9-29E69A750699}.Debug|ARM64.ActiveCfg = Debug|Any CPU
		{BF286C18-7779-4711-B5F9-29E69A750699}.Debug|ARM64.Build.0 = Debug|Any CPU
		{BF286C18-7779-4711-B5F9-29E69A750699}.Debug|x64.ActiveCfg = Debug|Any CPU
		{BF286C18-7779-4711-B5F9-29E69A750699}.Debug|x64.Build.0 = Debug|Any CPU
		{BF286C18-7779-4711-B5F9-29E69A750699}.Debug|x86.ActiveCfg = Debug|Any CPU
		{BF286C18-7779-4711-B5F9-29E69A750699}.Debug|x86.Build.0 = Debug|Any CPU
		{BF286C18-7779-4711-B5F9-29E69A750699}.Release|Any CPU.ActiveCfg = Release|Any CPU
		{BF286C18-7779-4711-B5F9-29E69A750699}.Release|Any CPU.Build.0 = Release|Any CPU
		{BF286C18-7779-4711-B5F9-29E69A750699}.Release|ARM64.ActiveCfg = Release|Any CPU
		{BF286C18-7779-4711-B5F9-29E69A750699}.Release|ARM64.Build.0 = Release|Any CPU
		{BF286C18-7779-4711-B5F9-29E69A750699}.Release|x64.ActiveCfg = Release|Any CPU
		{BF286C18-7779-4711-B5F9-29E69A750699}.Release|x64.Build.0 = Release|Any CPU
		{BF286C18-7779-4711-B5F9-29E69A750699}.Release|x86.ActiveCfg = Release|Any CPU
		{BF286C18-7779-4711-B5F9-29E69A750699}.Release|x86.Build.0 = Release|Any CPU
	EndGlobalSection
EndGlobal
